
Microsoft Visual Studio Solution File, Format Version 12.00
# Visual Studio Version 17
VisualStudioVersion = 17.0.31903.59
MinimumVisualStudioVersion = 10.0.40219.1
Project("{FAE04EC0-301F-11D3-BF4B-00C04F79EFBC}") = "Day2_Cubes_Part2", "Day2_Cubes_Part2\Day2_Cubes_Part2.csproj", "{940E26C0-CB3F-42F3-BFEC-1A82F3D18E26}"
EndProject
Project("{FAE04EC0-301F-11D3-BF4B-00C04F79EFBC}") = "Day4_Scratchcards", "Day4_Scratchcards\Day4_Scratchcards.csproj", "{62B1D638-1C98-4D06-AC7D-60D95ACB1F73}"
EndProject
Project("{FAE04EC0-301F-11D3-BF4B-00C04F79EFBC}") = "Day1_Trebuchet", "Day1_Trebuchet\Day1_Trebuchet.csproj", "{5230D85D-CF89-4EA9-8EA9-CF90543F452A}"
EndProject
Project("{FAE04EC0-301F-11D3-BF4B-00C04F79EFBC}") = "Day2_Cubes", "Day2_Cubes\Day2_Cubes.csproj", "{C277ADA5-831E-440B-BA56-C66B26BEF9F7}"
EndProject
Global
	GlobalSection(SolutionConfigurationPlatforms) = preSolution
		Debug|Any CPU = Debug|Any CPU
		Release|Any CPU = Release|Any CPU
	EndGlobalSection
	GlobalSection(SolutionProperties) = preSolution
		HideSolutionNode = FALSE
	EndGlobalSection
	GlobalSection(ProjectConfigurationPlatforms) = postSolution
		{940E26C0-CB3F-42F3-BFEC-1A82F3D18E26}.Debug|Any CPU.ActiveCfg = Debug|Any CPU
		{940E26C0-CB3F-42F3-BFEC-1A82F3D18E26}.Debug|Any CPU.Build.0 = Debug|Any CPU
		{940E26C0-CB3F-42F3-BFEC-1A82F3D18E26}.Release|Any CPU.ActiveCfg = Release|Any CPU
		{940E26C0-CB3F-42F3-BFEC-1A82F3D18E26}.Release|Any CPU.Build.0 = Release|Any CPU
		{62B1D638-1C98-4D06-AC7D-60D95ACB1F73}.Debug|Any CPU.ActiveCfg = Debug|Any CPU
		{62B1D638-1C98-4D06-AC7D-60D95ACB1F73}.Debug|Any CPU.Build.0 = Debug|Any CPU
		{62B1D638-1C98-4D06-AC7D-60D95ACB1F73}.Release|Any CPU.ActiveCfg = Release|Any CPU
		{62B1D638-1C98-4D06-AC7D-60D95ACB1F73}.Release|Any CPU.Build.0 = Release|Any CPU
		{5230D85D-CF89-4EA9-8EA9-CF90543F452A}.Debug|Any CPU.ActiveCfg = Debug|Any CPU
		{5230D85D-CF89-4EA9-8EA9-CF90543F452A}.Debug|Any CPU.Build.0 = Debug|Any CPU
		{5230D85D-CF89-4EA9-8EA9-CF90543F452A}.Release|Any CPU.ActiveCfg = Release|Any CPU
		{5230D85D-CF89-4EA9-8EA9-CF90543F452A}.Release|Any CPU.Build.0 = Release|Any CPU
		{C277ADA5-831E-440B-BA56-C66B26BEF9F7}.Debug|Any CPU.ActiveCfg = Debug|Any CPU
		{C277ADA5-831E-440B-BA56-C66B26BEF9F7}.Debug|Any CPU.Build.0 = Debug|Any CPU
		{C277ADA5-831E-440B-BA56-C66B26BEF9F7}.Release|Any CPU.ActiveCfg = Release|Any CPU
		{C277ADA5-831E-440B-BA56-C66B26BEF9F7}.Release|Any CPU.Build.0 = Release|Any CPU
	EndGlobalSection
EndGlobal
